
Microsoft Visual Studio Solution File, Format Version 12.00
# Visual Studio Version 17
VisualStudioVersion = 17.0.32014.148
MinimumVisualStudioVersion = 10.0.40219.1
Project("{9A19103F-16F7-4668-BE54-9A1E7A4F7556}") = "Exc_playground", "Exc_playground\Exc_playground.csproj", "{158A57DB-806A-4505-98CE-2C7BF610ECAF}"
EndProject
Project("{FAE04EC0-301F-11D3-BF4B-00C04F79EFBC}") = "AlgorithmsEfficiency", "AlgorithmsEfficiency\AlgorithmsEfficiency.csproj", "{6E6A79F9-ECF9-478A-8FB1-B71D8970321A}"
EndProject
Global
	GlobalSection(SolutionConfigurationPlatforms) = preSolution
		Debug|Any CPU = Debug|Any CPU
		Release|Any CPU = Release|Any CPU
	EndGlobalSection
	GlobalSection(ProjectConfigurationPlatforms) = postSolution
		{158A57DB-806A-4505-98CE-2C7BF610ECAF}.Debug|Any CPU.ActiveCfg = Debug|Any CPU
		{158A57DB-806A-4505-98CE-2C7BF610ECAF}.Debug|Any CPU.Build.0 = Debug|Any CPU
		{158A57DB-806A-4505-98CE-2C7BF610ECAF}.Release|Any CPU.ActiveCfg = Release|Any CPU
		{158A57DB-806A-4505-98CE-2C7BF610ECAF}.Release|Any CPU.Build.0 = Release|Any CPU
		{6E6A79F9-ECF9-478A-8FB1-B71D8970321A}.Debug|Any CPU.ActiveCfg = Debug|Any CPU
		{6E6A79F9-ECF9-478A-8FB1-B71D8970321A}.Debug|Any CPU.Build.0 = Debug|Any CPU
		{6E6A79F9-ECF9-478A-8FB1-B71D8970321A}.Release|Any CPU.ActiveCfg = Release|Any CPU
		{6E6A79F9-ECF9-478A-8FB1-B71D8970321A}.Release|Any CPU.Build.0 = Release|Any CPU
	EndGlobalSection
	GlobalSection(SolutionProperties) = preSolution
		HideSolutionNode = FALSE
	EndGlobalSection
	GlobalSection(ExtensibilityGlobals) = postSolution
		SolutionGuid = {CCCAC315-1E76-4139-AA4A-8523B052222B}
	EndGlobalSection
EndGlobal
